
Microsoft Visual Studio Solution File, Format Version 12.00
# Visual Studio Version 16
VisualStudioVersion = 16.0.31515.178
MinimumVisualStudioVersion = 10.0.40219.1
Project("{FAE04EC0-301F-11D3-BF4B-00C04F79EFBC}") = "collNotes.Android", "collNotes\collNotes.Android\collNotes.Android.csproj", "{A8129D18-7622-4F1A-A54A-B69DD228CB26}"
EndProject
Project("{FAE04EC0-301F-11D3-BF4B-00C04F79EFBC}") = "collNotes.iOS", "collNotes\collNotes.iOS\collNotes.iOS.csproj", "{C5363AD3-45CE-428E-A0AA-3E160696E92D}"
EndProject
Project("{FAE04EC0-301F-11D3-BF4B-00C04F79EFBC}") = "collNotes", "collNotes\collNotes\collNotes.csproj", "{F89E06D9-2EDF-43F4-B6E5-1B047EBE5C12}"
EndProject
Project("{2150E333-8FDC-42A3-9474-1A3956D46DE8}") = "azure-pipelines", "azure-pipelines", "{9E0B6D2F-1E85-44D4-BDD8-257E013D0C11}"
	ProjectSection(SolutionItems) = preProject
		E:\Github\collNotes\azure-pipelines.yml = E:\Github\collNotes\azure-pipelines.yml
	EndProjectSection
EndProject
Project("{2150E333-8FDC-42A3-9474-1A3956D46DE8}") = "solution_folder", "solution_folder", "{4C919802-248E-4F67-9C41-7A425368DCB0}"
	ProjectSection(SolutionItems) = preProject
		E:\Github\collNotes\src\collNotes\notes.txt = E:\Github\collNotes\src\collNotes\notes.txt
	EndProjectSection
EndProject
Project("{FAE04EC0-301F-11D3-BF4B-00C04F79EFBC}") = "collNotes.Ef", "collNotes.Data\collNotes.Ef.csproj", "{35BC33DD-22C9-45C8-B00F-A4CC9D89A4FB}"
EndProject
Project("{FAE04EC0-301F-11D3-BF4B-00C04F79EFBC}") = "collNotes.Domain", "collNotes.Domain\collNotes.Domain.csproj", "{8B53C2CC-853C-4EBA-96C4-4D1591C12100}"
EndProject
Global
	GlobalSection(SolutionConfigurationPlatforms) = preSolution
		Debug|Any CPU = Debug|Any CPU
		Debug|iPhone = Debug|iPhone
		Debug|iPhoneSimulator = Debug|iPhoneSimulator
		Release|Any CPU = Release|Any CPU
		Release|iPhone = Release|iPhone
		Release|iPhoneSimulator = Release|iPhoneSimulator
	EndGlobalSection
	GlobalSection(ProjectConfigurationPlatforms) = postSolution
		{A8129D18-7622-4F1A-A54A-B69DD228CB26}.Debug|Any CPU.ActiveCfg = Debug|Any CPU
		{A8129D18-7622-4F1A-A54A-B69DD228CB26}.Debug|Any CPU.Build.0 = Debug|Any CPU
		{A8129D18-7622-4F1A-A54A-B69DD228CB26}.Debug|Any CPU.Deploy.0 = Debug|Any CPU
		{A8129D18-7622-4F1A-A54A-B69DD228CB26}.Debug|iPhone.ActiveCfg = Debug|Any CPU
		{A8129D18-7622-4F1A-A54A-B69DD228CB26}.Debug|iPhone.Build.0 = Debug|Any CPU
		{A8129D18-7622-4F1A-A54A-B69DD228CB26}.Debug|iPhone.Deploy.0 = Debug|Any CPU
		{A8129D18-7622-4F1A-A54A-B69DD228CB26}.Debug|iPhoneSimulator.ActiveCfg = Debug|Any CPU
		{A8129D18-7622-4F1A-A54A-B69DD228CB26}.Debug|iPhoneSimulator.Build.0 = Debug|Any CPU
		{A8129D18-7622-4F1A-A54A-B69DD228CB26}.Debug|iPhoneSimulator.Deploy.0 = Debug|Any CPU
		{A8129D18-7622-4F1A-A54A-B69DD228CB26}.Release|Any CPU.ActiveCfg = Release|Any CPU
		{A8129D18-7622-4F1A-A54A-B69DD228CB26}.Release|Any CPU.Build.0 = Release|Any CPU
		{A8129D18-7622-4F1A-A54A-B69DD228CB26}.Release|Any CPU.Deploy.0 = Release|Any CPU
		{A8129D18-7622-4F1A-A54A-B69DD228CB26}.Release|iPhone.ActiveCfg = Release|Any CPU
		{A8129D18-7622-4F1A-A54A-B69DD228CB26}.Release|iPhone.Build.0 = Release|Any CPU
		{A8129D18-7622-4F1A-A54A-B69DD228CB26}.Release|iPhone.Deploy.0 = Release|Any CPU
		{A8129D18-7622-4F1A-A54A-B69DD228CB26}.Release|iPhoneSimulator.ActiveCfg = Release|Any CPU
		{A8129D18-7622-4F1A-A54A-B69DD228CB26}.Release|iPhoneSimulator.Build.0 = Release|Any CPU
		{A8129D18-7622-4F1A-A54A-B69DD228CB26}.Release|iPhoneSimulator.Deploy.0 = Release|Any CPU
		{C5363AD3-45CE-428E-A0AA-3E160696E92D}.Debug|Any CPU.ActiveCfg = Debug|iPhone
		{C5363AD3-45CE-428E-A0AA-3E160696E92D}.Debug|Any CPU.Build.0 = Debug|iPhone
		{C5363AD3-45CE-428E-A0AA-3E160696E92D}.Debug|Any CPU.Deploy.0 = Debug|iPhone
		{C5363AD3-45CE-428E-A0AA-3E160696E92D}.Debug|iPhone.ActiveCfg = Debug|iPhone
		{C5363AD3-45CE-428E-A0AA-3E160696E92D}.Debug|iPhone.Build.0 = Debug|iPhone
		{C5363AD3-45CE-428E-A0AA-3E160696E92D}.Debug|iPhone.Deploy.0 = Debug|iPhone
		{C5363AD3-45CE-428E-A0AA-3E160696E92D}.Debug|iPhoneSimulator.ActiveCfg = Debug|iPhoneSimulator
		{C5363AD3-45CE-428E-A0AA-3E160696E92D}.Debug|iPhoneSimulator.Build.0 = Debug|iPhoneSimulator
		{C5363AD3-45CE-428E-A0AA-3E160696E92D}.Debug|iPhoneSimulator.Deploy.0 = Debug|iPhoneSimulator
		{C5363AD3-45CE-428E-A0AA-3E160696E92D}.Release|Any CPU.ActiveCfg = Release|iPhoneSimulator
		{C5363AD3-45CE-428E-A0AA-3E160696E92D}.Release|Any CPU.Build.0 = Release|iPhoneSimulator
		{C5363AD3-45CE-428E-A0AA-3E160696E92D}.Release|Any CPU.Deploy.0 = Release|iPhoneSimulator
		{C5363AD3-45CE-428E-A0AA-3E160696E92D}.Release|iPhone.ActiveCfg = Release|iPhone
		{C5363AD3-45CE-428E-A0AA-3E160696E92D}.Release|iPhone.Build.0 = Release|iPhone
		{C5363AD3-45CE-428E-A0AA-3E160696E92D}.Release|iPhone.Deploy.0 = Release|iPhone
		{C5363AD3-45CE-428E-A0AA-3E160696E92D}.Release|iPhoneSimulator.ActiveCfg = Release|iPhoneSimulator
		{C5363AD3-45CE-428E-A0AA-3E160696E92D}.Release|iPhoneSimulator.Build.0 = Release|iPhoneSimulator
		{C5363AD3-45CE-428E-A0AA-3E160696E92D}.Release|iPhoneSimulator.Deploy.0 = Release|iPhoneSimulator
		{F89E06D9-2EDF-43F4-B6E5-1B047EBE5C12}.Debug|Any CPU.ActiveCfg = Debug|Any CPU
		{F89E06D9-2EDF-43F4-B6E5-1B047EBE5C12}.Debug|Any CPU.Build.0 = Debug|Any CPU
		{F89E06D9-2EDF-43F4-B6E5-1B047EBE5C12}.Debug|Any CPU.Deploy.0 = Debug|Any CPU
		{F89E06D9-2EDF-43F4-B6E5-1B047EBE5C12}.Debug|iPhone.ActiveCfg = Debug|Any CPU
		{F89E06D9-2EDF-43F4-B6E5-1B047EBE5C12}.Debug|iPhone.Build.0 = Debug|Any CPU
		{F89E06D9-2EDF-43F4-B6E5-1B047EBE5C12}.Debug|iPhone.Deploy.0 = Debug|Any CPU
		{F89E06D9-2EDF-43F4-B6E5-1B047EBE5C12}.Debug|iPhoneSimulator.ActiveCfg = Debug|Any CPU
		{F89E06D9-2EDF-43F4-B6E5-1B047EBE5C12}.Debug|iPhoneSimulator.Build.0 = Debug|Any CPU
		{F89E06D9-2EDF-43F4-B6E5-1B047EBE5C12}.Debug|iPhoneSimulator.Deploy.0 = Debug|Any CPU
		{F89E06D9-2EDF-43F4-B6E5-1B047EBE5C12}.Release|Any CPU.ActiveCfg = Release|Any CPU
		{F89E06D9-2EDF-43F4-B6E5-1B047EBE5C12}.Release|Any CPU.Build.0 = Release|Any CPU
		{F89E06D9-2EDF-43F4-B6E5-1B047EBE5C12}.Release|Any CPU.Deploy.0 = Release|Any CPU
		{F89E06D9-2EDF-43F4-B6E5-1B047EBE5C12}.Release|iPhone.ActiveCfg = Release|Any CPU
		{F89E06D9-2EDF-43F4-B6E5-1B047EBE5C12}.Release|iPhone.Build.0 = Release|Any CPU
		{F89E06D9-2EDF-43F4-B6E5-1B047EBE5C12}.Release|iPhone.Deploy.0 = Release|Any CPU
		{F89E06D9-2EDF-43F4-B6E5-1B047EBE5C12}.Release|iPhoneSimulator.ActiveCfg = Release|Any CPU
		{F89E06D9-2EDF-43F4-B6E5-1B047EBE5C12}.Release|iPhoneSimulator.Build.0 = Release|Any CPU
		{F89E06D9-2EDF-43F4-B6E5-1B047EBE5C12}.Release|iPhoneSimulator.Deploy.0 = Release|Any CPU
		{35BC33DD-22C9-45C8-B00F-A4CC9D89A4FB}.Debug|Any CPU.ActiveCfg = Debug|Any CPU
		{35BC33DD-22C9-45C8-B00F-A4CC9D89A4FB}.Debug|Any CPU.Build.0 = Debug|Any CPU
		{35BC33DD-22C9-45C8-B00F-A4CC9D89A4FB}.Debug|iPhone.ActiveCfg = Debug|Any CPU
		{35BC33DD-22C9-45C8-B00F-A4CC9D89A4FB}.Debug|iPhone.Build.0 = Debug|Any CPU
		{35BC33DD-22C9-45C8-B00F-A4CC9D89A4FB}.Debug|iPhoneSimulator.ActiveCfg = Debug|Any CPU
		{35BC33DD-22C9-45C8-B00F-A4CC9D89A4FB}.Debug|iPhoneSimulator.Build.0 = Debug|Any CPU
		{35BC33DD-22C9-45C8-B00F-A4CC9D89A4FB}.Release|Any CPU.ActiveCfg = Release|Any CPU
		{35BC33DD-22C9-45C8-B00F-A4CC9D89A4FB}.Release|Any CPU.Build.0 = Release|Any CPU
		{35BC33DD-22C9-45C8-B00F-A4CC9D89A4FB}.Release|iPhone.ActiveCfg = Release|Any CPU
		{35BC33DD-22C9-45C8-B00F-A4CC9D89A4FB}.Release|iPhone.Build.0 = Release|Any CPU
		{35BC33DD-22C9-45C8-B00F-A4CC9D89A4FB}.Release|iPhoneSimulator.ActiveCfg = Release|Any CPU
		{35BC33DD-22C9-45C8-B00F-A4CC9D89A4FB}.Release|iPhoneSimulator.Build.0 = Release|Any CPU
		{8B53C2CC-853C-4EBA-96C4-4D1591C12100}.Debug|Any CPU.ActiveCfg = Debug|Any CPU
		{8B53C2CC-853C-4EBA-96C4-4D1591C12100}.Debug|Any CPU.Build.0 = Debug|Any CPU
		{8B53C2CC-853C-4EBA-96C4-4D1591C12100}.Debug|iPhone.ActiveCfg = Debug|Any CPU
		{8B53C2CC-853C-4EBA-96C4-4D1591C12100}.Debug|iPhone.Build.0 = Debug|Any CPU
		{8B53C2CC-853C-4EBA-96C4-4D1591C12100}.Debug|iPhoneSimulator.ActiveCfg = Debug|Any CPU
		{8B53C2CC-853C-4EBA-96C4-4D1591C12100}.Debug|iPhoneSimulator.Build.0 = Debug|Any CPU
		{8B53C2CC-853C-4EBA-96C4-4D1591C12100}.Release|Any CPU.ActiveCfg = Release|Any CPU
		{8B53C2CC-853C-4EBA-96C4-4D1591C12100}.Release|Any CPU.Build.0 = Release|Any CPU
		{8B53C2CC-853C-4EBA-96C4-4D1591C12100}.Release|iPhone.ActiveCfg = Release|Any CPU
		{8B53C2CC-853C-4EBA-96C4-4D1591C12100}.Release|iPhone.Build.0 = Release|Any CPU
		{8B53C2CC-853C-4EBA-96C4-4D1591C12100}.Release|iPhoneSimulator.ActiveCfg = Release|Any CPU
		{8B53C2CC-853C-4EBA-96C4-4D1591C12100}.Release|iPhoneSimulator.Build.0 = Release|Any CPU
	EndGlobalSection
	GlobalSection(SolutionProperties) = preSolution
		HideSolutionNode = FALSE
	EndGlobalSection
	GlobalSection(ExtensibilityGlobals) = postSolution
		SolutionGuid = {C918711C-0C90-45C7-B4A8-78916D676AEC}
	EndGlobalSection
EndGlobal
