
Microsoft Visual Studio Solution File, Format Version 12.00
# Visual Studio 15
VisualStudioVersion = 15.0.27703.2026
MinimumVisualStudioVersion = 10.0.40219.1
Project("{FAE04EC0-301F-11D3-BF4B-00C04F79EFBC}") = "SkeletonGPS.Android", "SkeletonGPS\SkeletonGPS.Android\SkeletonGPS.Android.csproj", "{5B4B97FE-5DB5-4292-9791-06684E773795}"
EndProject
Project("{FAE04EC0-301F-11D3-BF4B-00C04F79EFBC}") = "SkeletonGPS.iOS", "SkeletonGPS\SkeletonGPS.iOS\SkeletonGPS.iOS.csproj", "{616BCAE2-648F-4528-A29B-03561D0972F7}"
EndProject
Project("{D954291E-2A0B-460D-934E-DC6B0785DB48}") = "SkeletonGPS", "SkeletonGPS\SkeletonGPS\SkeletonGPS.shproj", "{2D0A1A2D-AB5B-410F-B69C-75B1B0FB3A6F}"
EndProject
Global
	GlobalSection(SharedMSBuildProjectFiles) = preSolution
		SkeletonGPS\SkeletonGPS\SkeletonGPS.projitems*{2d0a1a2d-ab5b-410f-b69c-75b1b0fb3a6f}*SharedItemsImports = 13
		SkeletonGPS\SkeletonGPS\SkeletonGPS.projitems*{5b4b97fe-5db5-4292-9791-06684e773795}*SharedItemsImports = 4
		SkeletonGPS\SkeletonGPS\SkeletonGPS.projitems*{616bcae2-648f-4528-a29b-03561d0972f7}*SharedItemsImports = 4
	EndGlobalSection
	GlobalSection(SolutionConfigurationPlatforms) = preSolution
		Ad-Hoc|Any CPU = Ad-Hoc|Any CPU
		Ad-Hoc|iPhone = Ad-Hoc|iPhone
		Ad-Hoc|iPhoneSimulator = Ad-Hoc|iPhoneSimulator
		AppStore|Any CPU = AppStore|Any CPU
		AppStore|iPhone = AppStore|iPhone
		AppStore|iPhoneSimulator = AppStore|iPhoneSimulator
		Debug|Any CPU = Debug|Any CPU
		Debug|iPhone = Debug|iPhone
		Debug|iPhoneSimulator = Debug|iPhoneSimulator
		Release|Any CPU = Release|Any CPU
		Release|iPhone = Release|iPhone
		Release|iPhoneSimulator = Release|iPhoneSimulator
	EndGlobalSection
	GlobalSection(ProjectConfigurationPlatforms) = postSolution
		{5B4B97FE-5DB5-4292-9791-06684E773795}.Ad-Hoc|Any CPU.ActiveCfg = Release|Any CPU
		{5B4B97FE-5DB5-4292-9791-06684E773795}.Ad-Hoc|Any CPU.Build.0 = Release|Any CPU
		{5B4B97FE-5DB5-4292-9791-06684E773795}.Ad-Hoc|Any CPU.Deploy.0 = Release|Any CPU
		{5B4B97FE-5DB5-4292-9791-06684E773795}.Ad-Hoc|iPhone.ActiveCfg = Release|Any CPU
		{5B4B97FE-5DB5-4292-9791-06684E773795}.Ad-Hoc|iPhone.Build.0 = Release|Any CPU
		{5B4B97FE-5DB5-4292-9791-06684E773795}.Ad-Hoc|iPhone.Deploy.0 = Release|Any CPU
		{5B4B97FE-5DB5-4292-9791-06684E773795}.Ad-Hoc|iPhoneSimulator.ActiveCfg = Release|Any CPU
		{5B4B97FE-5DB5-4292-9791-06684E773795}.Ad-Hoc|iPhoneSimulator.Build.0 = Release|Any CPU
		{5B4B97FE-5DB5-4292-9791-06684E773795}.Ad-Hoc|iPhoneSimulator.Deploy.0 = Release|Any CPU
		{5B4B97FE-5DB5-4292-9791-06684E773795}.AppStore|Any CPU.ActiveCfg = Release|Any CPU
		{5B4B97FE-5DB5-4292-9791-06684E773795}.AppStore|Any CPU.Build.0 = Release|Any CPU
		{5B4B97FE-5DB5-4292-9791-06684E773795}.AppStore|Any CPU.Deploy.0 = Release|Any CPU
		{5B4B97FE-5DB5-4292-9791-06684E773795}.AppStore|iPhone.ActiveCfg = Release|Any CPU
		{5B4B97FE-5DB5-4292-9791-06684E773795}.AppStore|iPhone.Build.0 = Release|Any CPU
		{5B4B97FE-5DB5-4292-9791-06684E773795}.AppStore|iPhone.Deploy.0 = Release|Any CPU
		{5B4B97FE-5DB5-4292-9791-06684E773795}.AppStore|iPhoneSimulator.ActiveCfg = Release|Any CPU
		{5B4B97FE-5DB5-4292-9791-06684E773795}.AppStore|iPhoneSimulator.Build.0 = Release|Any CPU
		{5B4B97FE-5DB5-4292-9791-06684E773795}.AppStore|iPhoneSimulator.Deploy.0 = Release|Any CPU
		{5B4B97FE-5DB5-4292-9791-06684E773795}.Debug|Any CPU.ActiveCfg = Debug|Any CPU
		{5B4B97FE-5DB5-4292-9791-06684E773795}.Debug|Any CPU.Build.0 = Debug|Any CPU
		{5B4B97FE-5DB5-4292-9791-06684E773795}.Debug|Any CPU.Deploy.0 = Debug|Any CPU
		{5B4B97FE-5DB5-4292-9791-06684E773795}.Debug|iPhone.ActiveCfg = Debug|Any CPU
		{5B4B97FE-5DB5-4292-9791-06684E773795}.Debug|iPhone.Build.0 = Debug|Any CPU
		{5B4B97FE-5DB5-4292-9791-06684E773795}.Debug|iPhone.Deploy.0 = Debug|Any CPU
		{5B4B97FE-5DB5-4292-9791-06684E773795}.Debug|iPhoneSimulator.ActiveCfg = Debug|Any CPU
		{5B4B97FE-5DB5-4292-9791-06684E773795}.Debug|iPhoneSimulator.Build.0 = Debug|Any CPU
		{5B4B97FE-5DB5-4292-9791-06684E773795}.Debug|iPhoneSimulator.Deploy.0 = Debug|Any CPU
		{5B4B97FE-5DB5-4292-9791-06684E773795}.Release|Any CPU.ActiveCfg = Release|Any CPU
		{5B4B97FE-5DB5-4292-9791-06684E773795}.Release|Any CPU.Build.0 = Release|Any CPU
		{5B4B97FE-5DB5-4292-9791-06684E773795}.Release|Any CPU.Deploy.0 = Release|Any CPU
		{5B4B97FE-5DB5-4292-9791-06684E773795}.Release|iPhone.ActiveCfg = Release|Any CPU
		{5B4B97FE-5DB5-4292-9791-06684E773795}.Release|iPhone.Build.0 = Release|Any CPU
		{5B4B97FE-5DB5-4292-9791-06684E773795}.Release|iPhone.Deploy.0 = Release|Any CPU
		{5B4B97FE-5DB5-4292-9791-06684E773795}.Release|iPhoneSimulator.ActiveCfg = Release|Any CPU
		{5B4B97FE-5DB5-4292-9791-06684E773795}.Release|iPhoneSimulator.Build.0 = Release|Any CPU
		{5B4B97FE-5DB5-4292-9791-06684E773795}.Release|iPhoneSimulator.Deploy.0 = Release|Any CPU
		{616BCAE2-648F-4528-A29B-03561D0972F7}.Ad-Hoc|Any CPU.ActiveCfg = Ad-Hoc|iPhone
		{616BCAE2-648F-4528-A29B-03561D0972F7}.Ad-Hoc|Any CPU.Build.0 = Ad-Hoc|iPhone
		{616BCAE2-648F-4528-A29B-03561D0972F7}.Ad-Hoc|Any CPU.Deploy.0 = Ad-Hoc|iPhone
		{616BCAE2-648F-4528-A29B-03561D0972F7}.Ad-Hoc|iPhone.ActiveCfg = Ad-Hoc|iPhone
		{616BCAE2-648F-4528-A29B-03561D0972F7}.Ad-Hoc|iPhone.Build.0 = Ad-Hoc|iPhone
		{616BCAE2-648F-4528-A29B-03561D0972F7}.Ad-Hoc|iPhone.Deploy.0 = Ad-Hoc|iPhone
		{616BCAE2-648F-4528-A29B-03561D0972F7}.Ad-Hoc|iPhoneSimulator.ActiveCfg = Ad-Hoc|iPhoneSimulator
		{616BCAE2-648F-4528-A29B-03561D0972F7}.Ad-Hoc|iPhoneSimulator.Build.0 = Ad-Hoc|iPhoneSimulator
		{616BCAE2-648F-4528-A29B-03561D0972F7}.Ad-Hoc|iPhoneSimulator.Deploy.0 = Ad-Hoc|iPhoneSimulator
		{616BCAE2-648F-4528-A29B-03561D0972F7}.AppStore|Any CPU.ActiveCfg = AppStore|iPhone
		{616BCAE2-648F-4528-A29B-03561D0972F7}.AppStore|Any CPU.Build.0 = AppStore|iPhone
		{616BCAE2-648F-4528-A29B-03561D0972F7}.AppStore|Any CPU.Deploy.0 = AppStore|iPhone
		{616BCAE2-648F-4528-A29B-03561D0972F7}.AppStore|iPhone.ActiveCfg = AppStore|iPhone
		{616BCAE2-648F-4528-A29B-03561D0972F7}.AppStore|iPhone.Build.0 = AppStore|iPhone
		{616BCAE2-648F-4528-A29B-03561D0972F7}.AppStore|iPhone.Deploy.0 = AppStore|iPhone
		{616BCAE2-648F-4528-A29B-03561D0972F7}.AppStore|iPhoneSimulator.ActiveCfg = AppStore|iPhoneSimulator
		{616BCAE2-648F-4528-A29B-03561D0972F7}.AppStore|iPhoneSimulator.Build.0 = AppStore|iPhoneSimulator
		{616BCAE2-648F-4528-A29B-03561D0972F7}.AppStore|iPhoneSimulator.Deploy.0 = AppStore|iPhoneSimulator
		{616BCAE2-648F-4528-A29B-03561D0972F7}.Debug|Any CPU.ActiveCfg = Debug|iPhoneSimulator
		{616BCAE2-648F-4528-A29B-03561D0972F7}.Debug|Any CPU.Build.0 = Debug|iPhoneSimulator
		{616BCAE2-648F-4528-A29B-03561D0972F7}.Debug|Any CPU.Deploy.0 = Debug|iPhoneSimulator
		{616BCAE2-648F-4528-A29B-03561D0972F7}.Debug|iPhone.ActiveCfg = Debug|iPhone
		{616BCAE2-648F-4528-A29B-03561D0972F7}.Debug|iPhone.Build.0 = Debug|iPhone
		{616BCAE2-648F-4528-A29B-03561D0972F7}.Debug|iPhone.Deploy.0 = Debug|iPhone
		{616BCAE2-648F-4528-A29B-03561D0972F7}.Debug|iPhoneSimulator.ActiveCfg = Debug|iPhoneSimulator
		{616BCAE2-648F-4528-A29B-03561D0972F7}.Debug|iPhoneSimulator.Build.0 = Debug|iPhoneSimulator
		{616BCAE2-648F-4528-A29B-03561D0972F7}.Debug|iPhoneSimulator.Deploy.0 = Debug|iPhoneSimulator
		{616BCAE2-648F-4528-A29B-03561D0972F7}.Release|Any CPU.ActiveCfg = Release|iPhone
		{616BCAE2-648F-4528-A29B-03561D0972F7}.Release|Any CPU.Build.0 = Release|iPhone
		{616BCAE2-648F-4528-A29B-03561D0972F7}.Release|Any CPU.Deploy.0 = Release|iPhone
		{616BCAE2-648F-4528-A29B-03561D0972F7}.Release|iPhone.ActiveCfg = Release|iPhone
		{616BCAE2-648F-4528-A29B-03561D0972F7}.Release|iPhone.Build.0 = Release|iPhone
		{616BCAE2-648F-4528-A29B-03561D0972F7}.Release|iPhone.Deploy.0 = Release|iPhone
		{616BCAE2-648F-4528-A29B-03561D0972F7}.Release|iPhoneSimulator.ActiveCfg = Release|iPhoneSimulator
		{616BCAE2-648F-4528-A29B-03561D0972F7}.Release|iPhoneSimulator.Build.0 = Release|iPhoneSimulator
		{616BCAE2-648F-4528-A29B-03561D0972F7}.Release|iPhoneSimulator.Deploy.0 = Release|iPhoneSimulator
	EndGlobalSection
	GlobalSection(SolutionProperties) = preSolution
		HideSolutionNode = FALSE
	EndGlobalSection
	GlobalSection(ExtensibilityGlobals) = postSolution
		SolutionGuid = {AA8FD9E5-6488-4BDE-833F-C0068DD7EFF0}
	EndGlobalSection
EndGlobal
