
Microsoft Visual Studio Solution File, Format Version 12.00
# Visual Studio 15
Project("{FAE04EC0-301F-11D3-BF4B-00C04F79EFBC}") = "collnotes.Android", "collnotes.Android\collnotes.Android.csproj", "{86026785-7836-4E62-AFD1-D961A3DB20A2}"
EndProject
Project("{FAE04EC0-301F-11D3-BF4B-00C04F79EFBC}") = "collnotes.iOS", "collnotes.iOS\collnotes.iOS.csproj", "{4197EEEA-9A1B-406B-AAB5-1815C446A151}"
EndProject
Project("{FAE04EC0-301F-11D3-BF4B-00C04F79EFBC}") = "collnotes.UITests", "collnotes.UITests\collnotes.UITests.csproj", "{B19C892E-2628-4CA7-AD27-08D406A3B14B}"
EndProject
Project("{FAE04EC0-301F-11D3-BF4B-00C04F79EFBC}") = "collnotes", "collnotes\collnotes.csproj", "{C53F248E-2D46-410E-A3AB-6CBED58688A6}"
EndProject
Global
	GlobalSection(SolutionConfigurationPlatforms) = preSolution
		Debug|Any CPU = Debug|Any CPU
		Release|Any CPU = Release|Any CPU
		Debug|iPhoneSimulator = Debug|iPhoneSimulator
		Release|iPhoneSimulator = Release|iPhoneSimulator
		Debug|iPhone = Debug|iPhone
		Release|iPhone = Release|iPhone
		Ad-Hoc|iPhone = Ad-Hoc|iPhone
		AppStore|iPhone = AppStore|iPhone
	EndGlobalSection
	GlobalSection(ProjectConfigurationPlatforms) = postSolution
		{86026785-7836-4E62-AFD1-D961A3DB20A2}.Debug|Any CPU.ActiveCfg = Debug|Any CPU
		{86026785-7836-4E62-AFD1-D961A3DB20A2}.Debug|Any CPU.Build.0 = Debug|Any CPU
		{86026785-7836-4E62-AFD1-D961A3DB20A2}.Release|Any CPU.ActiveCfg = Release|Any CPU
		{86026785-7836-4E62-AFD1-D961A3DB20A2}.Release|Any CPU.Build.0 = Release|Any CPU
		{86026785-7836-4E62-AFD1-D961A3DB20A2}.Debug|iPhoneSimulator.ActiveCfg = Debug|Any CPU
		{86026785-7836-4E62-AFD1-D961A3DB20A2}.Debug|iPhoneSimulator.Build.0 = Debug|Any CPU
		{86026785-7836-4E62-AFD1-D961A3DB20A2}.Release|iPhoneSimulator.ActiveCfg = Release|Any CPU
		{86026785-7836-4E62-AFD1-D961A3DB20A2}.Release|iPhoneSimulator.Build.0 = Release|Any CPU
		{86026785-7836-4E62-AFD1-D961A3DB20A2}.Debug|iPhone.ActiveCfg = Debug|Any CPU
		{86026785-7836-4E62-AFD1-D961A3DB20A2}.Debug|iPhone.Build.0 = Debug|Any CPU
		{86026785-7836-4E62-AFD1-D961A3DB20A2}.Release|iPhone.ActiveCfg = Release|Any CPU
		{86026785-7836-4E62-AFD1-D961A3DB20A2}.Release|iPhone.Build.0 = Release|Any CPU
		{86026785-7836-4E62-AFD1-D961A3DB20A2}.Ad-Hoc|iPhone.ActiveCfg = Debug|Any CPU
		{86026785-7836-4E62-AFD1-D961A3DB20A2}.Ad-Hoc|iPhone.Build.0 = Debug|Any CPU
		{86026785-7836-4E62-AFD1-D961A3DB20A2}.AppStore|iPhone.ActiveCfg = Debug|Any CPU
		{86026785-7836-4E62-AFD1-D961A3DB20A2}.AppStore|iPhone.Build.0 = Debug|Any CPU
		{4197EEEA-9A1B-406B-AAB5-1815C446A151}.Debug|Any CPU.ActiveCfg = Debug|iPhoneSimulator
		{4197EEEA-9A1B-406B-AAB5-1815C446A151}.Debug|Any CPU.Build.0 = Debug|iPhoneSimulator
		{4197EEEA-9A1B-406B-AAB5-1815C446A151}.Release|Any CPU.ActiveCfg = Release|iPhoneSimulator
		{4197EEEA-9A1B-406B-AAB5-1815C446A151}.Release|Any CPU.Build.0 = Release|iPhoneSimulator
		{4197EEEA-9A1B-406B-AAB5-1815C446A151}.Debug|iPhoneSimulator.ActiveCfg = Debug|iPhoneSimulator
		{4197EEEA-9A1B-406B-AAB5-1815C446A151}.Debug|iPhoneSimulator.Build.0 = Debug|iPhoneSimulator
		{4197EEEA-9A1B-406B-AAB5-1815C446A151}.Release|iPhoneSimulator.ActiveCfg = Release|iPhoneSimulator
		{4197EEEA-9A1B-406B-AAB5-1815C446A151}.Release|iPhoneSimulator.Build.0 = Release|iPhoneSimulator
		{4197EEEA-9A1B-406B-AAB5-1815C446A151}.Debug|iPhone.ActiveCfg = Debug|iPhone
		{4197EEEA-9A1B-406B-AAB5-1815C446A151}.Debug|iPhone.Build.0 = Debug|iPhone
		{4197EEEA-9A1B-406B-AAB5-1815C446A151}.Release|iPhone.ActiveCfg = Release|iPhone
		{4197EEEA-9A1B-406B-AAB5-1815C446A151}.Release|iPhone.Build.0 = Release|iPhone
		{4197EEEA-9A1B-406B-AAB5-1815C446A151}.Ad-Hoc|iPhone.ActiveCfg = Ad-Hoc|iPhone
		{4197EEEA-9A1B-406B-AAB5-1815C446A151}.Ad-Hoc|iPhone.Build.0 = Ad-Hoc|iPhone
		{4197EEEA-9A1B-406B-AAB5-1815C446A151}.AppStore|iPhone.ActiveCfg = AppStore|iPhone
		{4197EEEA-9A1B-406B-AAB5-1815C446A151}.AppStore|iPhone.Build.0 = AppStore|iPhone
		{B19C892E-2628-4CA7-AD27-08D406A3B14B}.Debug|Any CPU.ActiveCfg = Debug|Any CPU
		{B19C892E-2628-4CA7-AD27-08D406A3B14B}.Debug|Any CPU.Build.0 = Debug|Any CPU
		{B19C892E-2628-4CA7-AD27-08D406A3B14B}.Release|Any CPU.ActiveCfg = Release|Any CPU
		{B19C892E-2628-4CA7-AD27-08D406A3B14B}.Release|Any CPU.Build.0 = Release|Any CPU
		{B19C892E-2628-4CA7-AD27-08D406A3B14B}.Debug|iPhoneSimulator.ActiveCfg = Debug|Any CPU
		{B19C892E-2628-4CA7-AD27-08D406A3B14B}.Debug|iPhoneSimulator.Build.0 = Debug|Any CPU
		{B19C892E-2628-4CA7-AD27-08D406A3B14B}.Release|iPhoneSimulator.ActiveCfg = Release|Any CPU
		{B19C892E-2628-4CA7-AD27-08D406A3B14B}.Release|iPhoneSimulator.Build.0 = Release|Any CPU
		{B19C892E-2628-4CA7-AD27-08D406A3B14B}.Debug|iPhone.ActiveCfg = Debug|Any CPU
		{B19C892E-2628-4CA7-AD27-08D406A3B14B}.Debug|iPhone.Build.0 = Debug|Any CPU
		{B19C892E-2628-4CA7-AD27-08D406A3B14B}.Release|iPhone.ActiveCfg = Release|Any CPU
		{B19C892E-2628-4CA7-AD27-08D406A3B14B}.Release|iPhone.Build.0 = Release|Any CPU
		{B19C892E-2628-4CA7-AD27-08D406A3B14B}.Ad-Hoc|iPhone.ActiveCfg = Debug|Any CPU
		{B19C892E-2628-4CA7-AD27-08D406A3B14B}.Ad-Hoc|iPhone.Build.0 = Debug|Any CPU
		{B19C892E-2628-4CA7-AD27-08D406A3B14B}.AppStore|iPhone.ActiveCfg = Debug|Any CPU
		{B19C892E-2628-4CA7-AD27-08D406A3B14B}.AppStore|iPhone.Build.0 = Debug|Any CPU
		{C53F248E-2D46-410E-A3AB-6CBED58688A6}.Debug|Any CPU.ActiveCfg = Debug|Any CPU
		{C53F248E-2D46-410E-A3AB-6CBED58688A6}.Debug|Any CPU.Build.0 = Debug|Any CPU
		{C53F248E-2D46-410E-A3AB-6CBED58688A6}.Release|Any CPU.ActiveCfg = Release|Any CPU
		{C53F248E-2D46-410E-A3AB-6CBED58688A6}.Release|Any CPU.Build.0 = Release|Any CPU
		{C53F248E-2D46-410E-A3AB-6CBED58688A6}.Debug|iPhoneSimulator.ActiveCfg = Debug|Any CPU
		{C53F248E-2D46-410E-A3AB-6CBED58688A6}.Debug|iPhoneSimulator.Build.0 = Debug|Any CPU
		{C53F248E-2D46-410E-A3AB-6CBED58688A6}.Release|iPhoneSimulator.ActiveCfg = Release|Any CPU
		{C53F248E-2D46-410E-A3AB-6CBED58688A6}.Release|iPhoneSimulator.Build.0 = Release|Any CPU
		{C53F248E-2D46-410E-A3AB-6CBED58688A6}.Debug|iPhone.ActiveCfg = Debug|Any CPU
		{C53F248E-2D46-410E-A3AB-6CBED58688A6}.Debug|iPhone.Build.0 = Debug|Any CPU
		{C53F248E-2D46-410E-A3AB-6CBED58688A6}.Release|iPhone.ActiveCfg = Release|Any CPU
		{C53F248E-2D46-410E-A3AB-6CBED58688A6}.Release|iPhone.Build.0 = Release|Any CPU
		{C53F248E-2D46-410E-A3AB-6CBED58688A6}.Ad-Hoc|iPhone.ActiveCfg = Debug|Any CPU
		{C53F248E-2D46-410E-A3AB-6CBED58688A6}.Ad-Hoc|iPhone.Build.0 = Debug|Any CPU
		{C53F248E-2D46-410E-A3AB-6CBED58688A6}.AppStore|iPhone.ActiveCfg = Debug|Any CPU
		{C53F248E-2D46-410E-A3AB-6CBED58688A6}.AppStore|iPhone.Build.0 = Debug|Any CPU
	EndGlobalSection
EndGlobal
